// !$*UTF8*$!
{
	archiveVersion = 1;
	classes = {
	};
	objectVersion = 46;
	objects = {

/* Begin PBXBuildFile section */
		489957F91A81BC620086D7B6 /* main.m in Sources */ = {isa = PBXBuildFile; fileRef = 489957F81A81BC620086D7B6 /* main.m */; };
		489957FC1A81BC620086D7B6 /* AppDelegate.m in Sources */ = {isa = PBXBuildFile; fileRef = 489957FB1A81BC620086D7B6 /* AppDelegate.m */; };
		489957FF1A81BC620086D7B6 /* ViewController.m in Sources */ = {isa = PBXBuildFile; fileRef = 489957FE1A81BC620086D7B6 /* ViewController.m */; };
		489958021A81BC620086D7B6 /* Main.storyboard in Resources */ = {isa = PBXBuildFile; fileRef = 489958001A81BC620086D7B6 /* Main.storyboard */; };
		489958041A81BC620086D7B6 /* Images.xcassets in Resources */ = {isa = PBXBuildFile; fileRef = 489958031A81BC620086D7B6 /* Images.xcassets */; };
		489958071A81BC620086D7B6 /* LaunchScreen.xib in Resources */ = {isa = PBXBuildFile; fileRef = 489958051A81BC620086D7B6 /* LaunchScreen.xib */; };
		489958131A81BC620086D7B6 /* IHZYTableViewCellDemoTests.m in Sources */ = {isa = PBXBuildFile; fileRef = 489958121A81BC620086D7B6 /* IHZYTableViewCellDemoTests.m */; };
		489958231A81BDCC0086D7B6 /* TestViewController.m in Sources */ = {isa = PBXBuildFile; fileRef = 489958211A81BDCC0086D7B6 /* TestViewController.m */; };
		489958241A81BDCC0086D7B6 /* TestViewController.xib in Resources */ = {isa = PBXBuildFile; fileRef = 489958221A81BDCC0086D7B6 /* TestViewController.xib */; };
		489958271A81BF180086D7B6 /* UITableViewCell+IHZYTableViewCell.m in Sources */ = {isa = PBXBuildFile; fileRef = 489958261A81BF180086D7B6 /* UITableViewCell+IHZYTableViewCell.m */; };
		4899582B1A81BF490086D7B6 /* TestTableViewCell.m in Sources */ = {isa = PBXBuildFile; fileRef = 489958291A81BF490086D7B6 /* TestTableViewCell.m */; };
		4899582C1A81BF490086D7B6 /* TestTableViewCell.xib in Resources */ = {isa = PBXBuildFile; fileRef = 4899582A1A81BF490086D7B6 /* TestTableViewCell.xib */; };
/* End PBXBuildFile section */

/* Begin PBXContainerItemProxy section */
		4899580D1A81BC620086D7B6 /* PBXContainerItemProxy */ = {
			isa = PBXContainerItemProxy;
			containerPortal = 489957EB1A81BC620086D7B6 /* Project object */;
			proxyType = 1;
			remoteGlobalIDString = 489957F21A81BC620086D7B6;
			remoteInfo = IHZYTableViewCellDemo;
		};
/* End PBXContainerItemProxy section */

/* Begin PBXFileReference section */
		489957F31A81BC620086D7B6 /* IHZYTableViewCellDemo.app */ = {isa = PBXFileReference; explicitFileType = wrapper.application; includeInIndex = 0; path = IHZYTableViewCellDemo.app; sourceTree = BUILT_PRODUCTS_DIR; };
		489957F71A81BC620086D7B6 /* Info.plist */ = {isa = PBXFileReference; lastKnownFileType = text.plist.xml; path = Info.plist; sourceTree = "<group>"; };
		489957F81A81BC620086D7B6 /* main.m */ = {isa = PBXFileReference; lastKnownFileType = sourcecode.c.objc; path = main.m; sourceTree = "<group>"; };
		489957FA1A81BC620086D7B6 /* AppDelegate.h */ = {isa = PBXFileReference; lastKnownFileType = sourcecode.c.h; path = AppDelegate.h; sourceTree = "<group>"; };
		489957FB1A81BC620086D7B6 /* AppDelegate.m */ = {isa = PBXFileReference; lastKnownFileType = sourcecode.c.objc; path = AppDelegate.m; sourceTree = "<group>"; };
		489957FD1A81BC620086D7B6 /* ViewController.h */ = {isa = PBXFileReference; lastKnownFileType = sourcecode.c.h; path = ViewController.h; sourceTree = "<group>"; };
		489957FE1A81BC620086D7B6 /* ViewController.m */ = {isa = PBXFileReference; lastKnownFileType = sourcecode.c.objc; path = ViewController.m; sourceTree = "<group>"; };
		489958011A81BC620086D7B6 /* Base */ = {isa = PBXFileReference; lastKnownFileType = file.storyboard; name = Base; path = Base.lproj/Main.storyboard; sourceTree = "<group>"; };
		489958031A81BC620086D7B6 /* Images.xcassets */ = {isa = PBXFileReference; lastKnownFileType = folder.assetcatalog; path = Images.xcassets; sourceTree = "<group>"; };
		489958061A81BC620086D7B6 /* Base */ = {isa = PBXFileReference; lastKnownFileType = file.xib; name = Base; path = Base.lproj/LaunchScreen.xib; sourceTree = "<group>"; };
		4899580C1A81BC620086D7B6 /* IHZYTableViewCellDemoTests.xctest */ = {isa = PBXFileReference; explicitFileType = wrapper.cfbundle; includeInIndex = 0; path = IHZYTableViewCellDemoTests.xctest; sourceTree = BUILT_PRODUCTS_DIR; };
		489958111A81BC620086D7B6 /* Info.plist */ = {isa = PBXFileReference; lastKnownFileType = text.plist.xml; path = Info.plist; sourceTree = "<group>"; };
		489958121A81BC620086D7B6 /* IHZYTableViewCellDemoTests.m */ = {isa = PBXFileReference; lastKnownFileType = sourcecode.c.objc; path = IHZYTableViewCellDemoTests.m; sourceTree = "<group>"; };
		489958201A81BDCC0086D7B6 /* TestViewController.h */ = {isa = PBXFileReference; fileEncoding = 4; lastKnownFileType = sourcecode.c.h; path = TestViewController.h; sourceTree = "<group>"; };
		489958211A81BDCC0086D7B6 /* TestViewController.m */ = {isa = PBXFileReference; fileEncoding = 4; lastKnownFileType = sourcecode.c.objc; path = TestViewController.m; sourceTree = "<group>"; };
		489958221A81BDCC0086D7B6 /* TestViewController.xib */ = {isa = PBXFileReference; fileEncoding = 4; lastKnownFileType = file.xib; path = TestViewController.xib; sourceTree = "<group>"; };
		489958251A81BF180086D7B6 /* UITableViewCell+IHZYTableViewCell.h */ = {isa = PBXFileReference; fileEncoding = 4; lastKnownFileType = sourcecode.c.h; path = "UITableViewCell+IHZYTableViewCell.h"; sourceTree = "<group>"; };
		489958261A81BF180086D7B6 /* UITableViewCell+IHZYTableViewCell.m */ = {isa = PBXFileReference; fileEncoding = 4; lastKnownFileType = sourcecode.c.objc; path = "UITableViewCell+IHZYTableViewCell.m"; sourceTree = "<group>"; };
		489958281A81BF490086D7B6 /* TestTableViewCell.h */ = {isa = PBXFileReference; fileEncoding = 4; lastKnownFileType = sourcecode.c.h; path = TestTableViewCell.h; sourceTree = "<group>"; };
		489958291A81BF490086D7B6 /* TestTableViewCell.m */ = {isa = PBXFileReference; fileEncoding = 4; lastKnownFileType = sourcecode.c.objc; path = TestTableViewCell.m; sourceTree = "<group>"; };
		4899582A1A81BF490086D7B6 /* TestTableViewCell.xib */ = {isa = PBXFileReference; fileEncoding = 4; lastKnownFileType = file.xib; path = TestTableViewCell.xib; sourceTree = "<group>"; };
/* End PBXFileReference section */

/* Begin PBXFrameworksBuildPhase section */
		489957F01A81BC620086D7B6 /* Frameworks */ = {
			isa = PBXFrameworksBuildPhase;
			buildActionMask = 2147483647;
			files = (
			);
			runOnlyForDeploymentPostprocessing = 0;
		};
		489958091A81BC620086D7B6 /* Frameworks */ = {
			isa = PBXFrameworksBuildPhase;
			buildActionMask = 2147483647;
			files = (
			);
			runOnlyForDeploymentPostprocessing = 0;
		};
/* End PBXFrameworksBuildPhase section */

/* Begin PBXGroup section */
		489957EA1A81BC620086D7B6 = {
			isa = PBXGroup;
			children = (
				4899581C1A81BC910086D7B6 /* IHZYTableViewCell */,
				489957F51A81BC620086D7B6 /* IHZYTableViewCellDemo */,
				4899580F1A81BC620086D7B6 /* IHZYTableViewCellDemoTests */,
				489957F41A81BC620086D7B6 /* Products */,
			);
			sourceTree = "<group>";
		};
		489957F41A81BC620086D7B6 /* Products */ = {
			isa = PBXGroup;
			children = (
				489957F31A81BC620086D7B6 /* IHZYTableViewCellDemo.app */,
				4899580C1A81BC620086D7B6 /* IHZYTableViewCellDemoTests.xctest */,
			);
			name = Products;
			sourceTree = "<group>";
		};
		489957F51A81BC620086D7B6 /* IHZYTableViewCellDemo */ = {
			isa = PBXGroup;
			children = (
				489957FA1A81BC620086D7B6 /* AppDelegate.h */,
				489957FB1A81BC620086D7B6 /* AppDelegate.m */,
				489957FD1A81BC620086D7B6 /* ViewController.h */,
				489957FE1A81BC620086D7B6 /* ViewController.m */,
				489958001A81BC620086D7B6 /* Main.storyboard */,
				489958031A81BC620086D7B6 /* Images.xcassets */,
				489958051A81BC620086D7B6 /* LaunchScreen.xib */,
				489957F61A81BC620086D7B6 /* Supporting Files */,
				489958201A81BDCC0086D7B6 /* TestViewController.h */,
				489958211A81BDCC0086D7B6 /* TestViewController.m */,
				489958221A81BDCC0086D7B6 /* TestViewController.xib */,
				489958281A81BF490086D7B6 /* TestTableViewCell.h */,
				489958291A81BF490086D7B6 /* TestTableViewCell.m */,
				4899582A1A81BF490086D7B6 /* TestTableViewCell.xib */,
			);
			path = IHZYTableViewCellDemo;
			sourceTree = "<group>";
		};
		489957F61A81BC620086D7B6 /* Supporting Files */ = {
			isa = PBXGroup;
			children = (
				489957F71A81BC620086D7B6 /* Info.plist */,
				489957F81A81BC620086D7B6 /* main.m */,
			);
			name = "Supporting Files";
			sourceTree = "<group>";
		};
		4899580F1A81BC620086D7B6 /* IHZYTableViewCellDemoTests */ = {
			isa = PBXGroup;
			children = (
				489958121A81BC620086D7B6 /* IHZYTableViewCellDemoTests.m */,
				489958101A81BC620086D7B6 /* Supporting Files */,
			);
			path = IHZYTableViewCellDemoTests;
			sourceTree = "<group>";
		};
		489958101A81BC620086D7B6 /* Supporting Files */ = {
			isa = PBXGroup;
			children = (
				489958111A81BC620086D7B6 /* Info.plist */,
			);
			name = "Supporting Files";
			sourceTree = "<group>";
		};
		4899581C1A81BC910086D7B6 /* IHZYTableViewCell */ = {
			isa = PBXGroup;
			children = (
				489958251A81BF180086D7B6 /* UITableViewCell+IHZYTableViewCell.h */,
				489958261A81BF180086D7B6 /* UITableViewCell+IHZYTableViewCell.m */,
			);
			path = IHZYTableViewCell;
			sourceTree = "<group>";
		};
/* End PBXGroup section */

/* Begin PBXNativeTarget section */
		489957F21A81BC620086D7B6 /* IHZYTableViewCellDemo */ = {
			isa = PBXNativeTarget;
			buildConfigurationList = 489958161A81BC620086D7B6 /* Build configuration list for PBXNativeTarget "IHZYTableViewCellDemo" */;
			buildPhases = (
				489957EF1A81BC620086D7B6 /* Sources */,
				489957F01A81BC620086D7B6 /* Frameworks */,
				489957F11A81BC620086D7B6 /* Resources */,
			);
			buildRules = (
			);
			dependencies = (
			);
			name = IHZYTableViewCellDemo;
			productName = IHZYTableViewCellDemo;
			productReference = 489957F31A81BC620086D7B6 /* IHZYTableViewCellDemo.app */;
			productType = "com.apple.product-type.application";
		};
		4899580B1A81BC620086D7B6 /* IHZYTableViewCellDemoTests */ = {
			isa = PBXNativeTarget;
			buildConfigurationList = 489958191A81BC620086D7B6 /* Build configuration list for PBXNativeTarget "IHZYTableViewCellDemoTests" */;
			buildPhases = (
				489958081A81BC620086D7B6 /* Sources */,
				489958091A81BC620086D7B6 /* Frameworks */,
				4899580A1A81BC620086D7B6 /* Resources */,
			);
			buildRules = (
			);
			dependencies = (
				4899580E1A81BC620086D7B6 /* PBXTargetDependency */,
			);
			name = IHZYTableViewCellDemoTests;
			productName = IHZYTableViewCellDemoTests;
			productReference = 4899580C1A81BC620086D7B6 /* IHZYTableViewCellDemoTests.xctest */;
			productType = "com.apple.product-type.bundle.unit-test";
		};
/* End PBXNativeTarget section */

/* Begin PBXProject section */
		489957EB1A81BC620086D7B6 /* Project object */ = {
			isa = PBXProject;
			attributes = {
				LastUpgradeCheck = 0610;
				ORGANIZATIONNAME = Ironhorse;
				TargetAttributes = {
					489957F21A81BC620086D7B6 = {
						CreatedOnToolsVersion = 6.1.1;
					};
					4899580B1A81BC620086D7B6 = {
						CreatedOnToolsVersion = 6.1.1;
						TestTargetID = 489957F21A81BC620086D7B6;
					};
				};
			};
			buildConfigurationList = 489957EE1A81BC620086D7B6 /* Build configuration list for PBXProject "IHZYTableViewCellDemo" */;
			compatibilityVersion = "Xcode 3.2";
			developmentRegion = English;
			hasScannedForEncodings = 0;
			knownRegions = (
				en,
				Base,
			);
			mainGroup = 489957EA1A81BC620086D7B6;
			productRefGroup = 489957F41A81BC620086D7B6 /* Products */;
			projectDirPath = "";
			projectRoot = "";
			targets = (
				489957F21A81BC620086D7B6 /* IHZYTableViewCellDemo */,
				4899580B1A81BC620086D7B6 /* IHZYTableViewCellDemoTests */,
			);
		};
/* End PBXProject section */

/* Begin PBXResourcesBuildPhase section */
		489957F11A81BC620086D7B6 /* Resources */ = {
			isa = PBXResourcesBuildPhase;
			buildActionMask = 2147483647;
			files = (
				489958021A81BC620086D7B6 /* Main.storyboard in Resources */,
				489958071A81BC620086D7B6 /* LaunchScreen.xib in Resources */,
				489958241A81BDCC0086D7B6 /* TestViewController.xib in Resources */,
				4899582C1A81BF490086D7B6 /* TestTableViewCell.xib in Resources */,
				489958041A81BC620086D7B6 /* Images.xcassets in Resources */,
			);
			runOnlyForDeploymentPostprocessing = 0;
		};
		4899580A1A81BC620086D7B6 /* Resources */ = {
			isa = PBXResourcesBuildPhase;
			buildActionMask = 2147483647;
			files = (
			);
			runOnlyForDeploymentPostprocessing = 0;
		};
/* End PBXResourcesBuildPhase section */

/* Begin PBXSourcesBuildPhase section */
		489957EF1A81BC620086D7B6 /* Sources */ = {
			isa = PBXSourcesBuildPhase;
			buildActionMask = 2147483647;
			files = (
				4899582B1A81BF490086D7B6 /* TestTableViewCell.m in Sources */,
				489957FF1A81BC620086D7B6 /* ViewController.m in Sources */,
				489957FC1A81BC620086D7B6 /* AppDelegate.m in Sources */,
				489957F91A81BC620086D7B6 /* main.m in Sources */,
				489958231A81BDCC0086D7B6 /* TestViewController.m in Sources */,
				489958271A81BF180086D7B6 /* UITableViewCell+IHZYTableViewCell.m in Sources */,
			);
			runOnlyForDeploymentPostprocessing = 0;
		};
		489958081A81BC620086D7B6 /* Sources */ = {
			isa = PBXSourcesBuildPhase;
			buildActionMask = 2147483647;
			files = (
				489958131A81BC620086D7B6 /* IHZYTableViewCellDemoTests.m in Sources */,
			);
			runOnlyForDeploymentPostprocessing = 0;
		};
/* End PBXSourcesBuildPhase section */

/* Begin PBXTargetDependency section */
		4899580E1A81BC620086D7B6 /* PBXTargetDependency */ = {
			isa = PBXTargetDependency;
			target = 489957F21A81BC620086D7B6 /* IHZYTableViewCellDemo */;
			targetProxy = 4899580D1A81BC620086D7B6 /* PBXContainerItemProxy */;
		};
/* End PBXTargetDependency section */

/* Begin PBXVariantGroup section */
		489958001A81BC620086D7B6 /* Main.storyboard */ = {
			isa = PBXVariantGroup;
			children = (
				489958011A81BC620086D7B6 /* Base */,
			);
			name = Main.storyboard;
			sourceTree = "<group>";
		};
		489958051A81BC620086D7B6 /* LaunchScreen.xib */ = {
			isa = PBXVariantGroup;
			children = (
				489958061A81BC620086D7B6 /* Base */,
			);
			name = LaunchScreen.xib;
			sourceTree = "<group>";
		};
/* End PBXVariantGroup section */

/* Begin XCBuildConfiguration section */
		489958141A81BC620086D7B6 /* Debug */ = {
			isa = XCBuildConfiguration;
			buildSettings = {
				ALWAYS_SEARCH_USER_PATHS = NO;
				CLANG_CXX_LANGUAGE_STANDARD = "gnu++0x";
				CLANG_CXX_LIBRARY = "libc++";
				CLANG_ENABLE_MODULES = YES;
				CLANG_ENABLE_OBJC_ARC = YES;
				CLANG_WARN_BOOL_CONVERSION = YES;
				CLANG_WARN_CONSTANT_CONVERSION = YES;
				CLANG_WARN_DIRECT_OBJC_ISA_USAGE = YES_ERROR;
				CLANG_WARN_EMPTY_BODY = YES;
				CLANG_WARN_ENUM_CONVERSION = YES;
				CLANG_WARN_INT_CONVERSION = YES;
				CLANG_WARN_OBJC_ROOT_CLASS = YES_ERROR;
				CLANG_WARN_UNREACHABLE_CODE = YES;
				CLANG_WARN__DUPLICATE_METHOD_MATCH = YES;
				"CODE_SIGN_IDENTITY[sdk=iphoneos*]" = "iPhone Developer";
				COPY_PHASE_STRIP = NO;
				ENABLE_STRICT_OBJC_MSGSEND = YES;
				GCC_C_LANGUAGE_STANDARD = gnu99;
				GCC_DYNAMIC_NO_PIC = NO;
				GCC_OPTIMIZATION_LEVEL = 0;
				GCC_PREPROCESSOR_DEFINITIONS = (
					"DEBUG=1",
					"$(inherited)",
				);
				GCC_SYMBOLS_PRIVATE_EXTERN = NO;
				GCC_WARN_64_TO_32_BIT_CONVERSION = YES;
				GCC_WARN_ABOUT_RETURN_TYPE = YES_ERROR;
				GCC_WARN_UNDECLARED_SELECTOR = YES;
				GCC_WARN_UNINITIALIZED_AUTOS = YES_AGGRESSIVE;
				GCC_WARN_UNUSED_FUNCTION = YES;
				GCC_WARN_UNUSED_VARIABLE = YES;
				IPHONEOS_DEPLOYMENT_TARGET = 8.1;
				MTL_ENABLE_DEBUG_INFO = YES;
				ONLY_ACTIVE_ARCH = YES;
				SDKROOT = iphoneos;
			};
			name = Debug;
		};
		489958151A81BC620086D7B6 /* Release */ = {
			isa = XCBuildConfiguration;
			buildSettings = {
				ALWAYS_SEARCH_USER_PATHS = NO;
				CLANG_CXX_LANGUAGE_STANDARD = "gnu++0x";
				CLANG_CXX_LIBRARY = "libc++";
				CLANG_ENABLE_MODULES = YES;
				CLANG_ENABLE_OBJC_ARC = YES;
				CLANG_WARN_BOOL_CONVERSION = YES;
				CLANG_WARN_CONSTANT_CONVERSION = YES;
				CLANG_WARN_DIRECT_OBJC_ISA_USAGE = YES_ERROR;
				CLANG_WARN_EMPTY_BODY = YES;
				CLANG_WARN_ENUM_CONVERSION = YES;
				CLANG_WARN_INT_CONVERSION = YES;
				CLANG_WARN_OBJC_ROOT_CLASS = YES_ERROR;
				CLANG_WARN_UNREACHABLE_CODE = YES;
				CLANG_WARN__DUPLICATE_METHOD_MATCH = YES;
				"CODE_SIGN_IDENTITY[sdk=iphoneos*]" = "iPhone Developer";
				COPY_PHASE_STRIP = YES;
				ENABLE_NS_ASSERTIONS = NO;
				ENABLE_STRICT_OBJC_MSGSEND = YES;
				GCC_C_LANGUAGE_STANDARD = gnu99;
				GCC_WARN_64_TO_32_BIT_CONVERSION = YES;
				GCC_WARN_ABOUT_RETURN_TYPE = YES_ERROR;
				GCC_WARN_UNDECLARED_SELECTOR = YES;
				GCC_WARN_UNINITIALIZED_AUTOS = YES_AGGRESSIVE;
				GCC_WARN_UNUSED_FUNCTION = YES;
				GCC_WARN_UNUSED_VARIABLE = YES;
				IPHONEOS_DEPLOYMENT_TARGET = 8.1;
				MTL_ENABLE_DEBUG_INFO = NO;
				SDKROOT = iphoneos;
				VALIDATE_PRODUCT = YES;
			};
			name = Release;
		};
		489958171A81BC620086D7B6 /* Debug */ = {
			isa = XCBuildConfiguration;
			buildSettings = {
				ASSETCATALOG_COMPILER_APPICON_NAME = AppIcon;
				INFOPLIST_FILE = IHZYTableViewCellDemo/Info.plist;
				LD_RUNPATH_SEARCH_PATHS = "$(inherited) @executable_path/Frameworks";
				PRODUCT_NAME = "$(TARGET_NAME)";
			};
			name = Debug;
		};
		489958181A81BC620086D7B6 /* Release */ = {
			isa = XCBuildConfiguration;
			buildSettings = {
				ASSETCATALOG_COMPILER_APPICON_NAME = AppIcon;
				INFOPLIST_FILE = IHZYTableViewCellDemo/Info.plist;
				LD_RUNPATH_SEARCH_PATHS = "$(inherited) @executable_path/Frameworks";
				PRODUCT_NAME = "$(TARGET_NAME)";
			};
			name = Release;
		};
		4899581A1A81BC620086D7B6 /* Debug */ = {
			isa = XCBuildConfiguration;
			buildSettings = {
				BUNDLE_LOADER = "$(TEST_HOST)";
				FRAMEWORK_SEARCH_PATHS = (
					"$(SDKROOT)/Developer/Library/Frameworks",
					"$(inherited)",
				);
				GCC_PREPROCESSOR_DEFINITIONS = (
					"DEBUG=1",
					"$(inherited)",
				);
				INFOPLIST_FILE = IHZYTableViewCellDemoTests/Info.plist;
				LD_RUNPATH_SEARCH_PATHS = "$(inherited) @executable_path/Frameworks @loader_path/Frameworks";
				PRODUCT_NAME = "$(TARGET_NAME)";
				TEST_HOST = "$(BUILT_PRODUCTS_DIR)/IHZYTableViewCellDemo.app/IHZYTableViewCellDemo";
			};
			name = Debug;
		};
		4899581B1A81BC620086D7B6 /* Release */ = {
			isa = XCBuildConfiguration;
			buildSettings = {
				BUNDLE_LOADER = "$(TEST_HOST)";
				FRAMEWORK_SEARCH_PATHS = (
					"$(SDKROOT)/Developer/Library/Frameworks",
					"$(inherited)",
				);
				INFOPLIST_FILE = IHZYTableViewCellDemoTests/Info.plist;
				LD_RUNPATH_SEARCH_PATHS = "$(inherited) @executable_path/Frameworks @loader_path/Frameworks";
				PRODUCT_NAME = "$(TARGET_NAME)";
				TEST_HOST = "$(BUILT_PRODUCTS_DIR)/IHZYTableViewCellDemo.app/IHZYTableViewCellDemo";
			};
			name = Release;
		};
/* End XCBuildConfiguration section */

/* Begin XCConfigurationList section */
		489957EE1A81BC620086D7B6 /* Build configuration list for PBXProject "IHZYTableViewCellDemo" */ = {
			isa = XCConfigurationList;
			buildConfigurations = (
				489958141A81BC620086D7B6 /* Debug */,
				489958151A81BC620086D7B6 /* Release */,
			);
			defaultConfigurationIsVisible = 0;
			defaultConfigurationName = Release;
		};
		489958161A81BC620086D7B6 /* Build configuration list for PBXNativeTarget "IHZYTableViewCellDemo" */ = {
			isa = XCConfigurationList;
			buildConfigurations = (
				489958171A81BC620086D7B6 /* Debug */,
				489958181A81BC620086D7B6 /* Release */,
			);
			defaultConfigurationIsVisible = 0;
		};
		489958191A81BC620086D7B6 /* Build configuration list for PBXNativeTarget "IHZYTableViewCellDemoTests" */ = {
			isa = XCConfigurationList;
			buildConfigurations = (
				4899581A1A81BC620086D7B6 /* Debug */,
				4899581B1A81BC620086D7B6 /* Release */,
			);
			defaultConfigurationIsVisible = 0;
		};
/* End XCConfigurationList section */
	};
	rootObject = 489957EB1A81BC620086D7B6 /* Project object */;
}
